// !$*UTF8*$!
{
	archiveVersion = 1;
	classes = {
	};
	objectVersion = 46;
	objects = {

/* Begin PBXBuildFile section */
		833409071E191CB0008C2E1A /* main.m in Sources */ = {isa = PBXBuildFile; fileRef = 833409061E191CB0008C2E1A /* main.m */; };
		8334090A1E191CB0008C2E1A /* AppDelegate.m in Sources */ = {isa = PBXBuildFile; fileRef = 833409091E191CB0008C2E1A /* AppDelegate.m */; };
		8334090D1E191CB0008C2E1A /* ViewController.m in Sources */ = {isa = PBXBuildFile; fileRef = 8334090C1E191CB0008C2E1A /* ViewController.m */; };
		833409101E191CB0008C2E1A /* Main.storyboard in Resources */ = {isa = PBXBuildFile; fileRef = 8334090E1E191CB0008C2E1A /* Main.storyboard */; };
		833409121E191CB0008C2E1A /* Assets.xcassets in Resources */ = {isa = PBXBuildFile; fileRef = 833409111E191CB0008C2E1A /* Assets.xcassets */; };
		833409151E191CB0008C2E1A /* LaunchScreen.storyboard in Resources */ = {isa = PBXBuildFile; fileRef = 833409131E191CB0008C2E1A /* LaunchScreen.storyboard */; };
		833409251E191CF2008C2E1A /* CurlNetwork.h in Headers */ = {isa = PBXBuildFile; fileRef = 833409231E191CF2008C2E1A /* CurlNetwork.h */; settings = {ATTRIBUTES = (Public, ); }; };
		833409281E191CF2008C2E1A /* CurlNetwork.framework in Frameworks */ = {isa = PBXBuildFile; fileRef = 833409211E191CF2008C2E1A /* CurlNetwork.framework */; };
		833409291E191CF2008C2E1A /* CurlNetwork.framework in Embed Frameworks */ = {isa = PBXBuildFile; fileRef = 833409211E191CF2008C2E1A /* CurlNetwork.framework */; settings = {ATTRIBUTES = (CodeSignOnCopy, RemoveHeadersOnCopy, ); }; };
		833409441E193AB1008C2E1A /* CCCurlConnection.m in Sources */ = {isa = PBXBuildFile; fileRef = 8334092E1E193AB1008C2E1A /* CCCurlConnection.m */; };
		833409451E193AB1008C2E1A /* CCHttpClient.m in Sources */ = {isa = PBXBuildFile; fileRef = 8334092F1E193AB1008C2E1A /* CCHttpClient.m */; };
		833409461E193AB1008C2E1A /* CCHttpClient.h in Headers */ = {isa = PBXBuildFile; fileRef = 833409301E193AB1008C2E1A /* CCHttpClient.h */; };
		833409471E193AB1008C2E1A /* CCHttpRequest.m in Sources */ = {isa = PBXBuildFile; fileRef = 833409311E193AB1008C2E1A /* CCHttpRequest.m */; };
		833409481E193AB1008C2E1A /* CCCurlConnection.h in Headers */ = {isa = PBXBuildFile; fileRef = 833409321E193AB1008C2E1A /* CCCurlConnection.h */; };
		833409491E193AB1008C2E1A /* CCHttpResponse.m in Sources */ = {isa = PBXBuildFile; fileRef = 833409331E193AB1008C2E1A /* CCHttpResponse.m */; };
		8334094A1E193AB1008C2E1A /* CCHttpResponse.h in Headers */ = {isa = PBXBuildFile; fileRef = 833409341E193AB1008C2E1A /* CCHttpResponse.h */; };
		8334094B1E193AB1008C2E1A /* CCHttpRequest.h in Headers */ = {isa = PBXBuildFile; fileRef = 833409351E193AB1008C2E1A /* CCHttpRequest.h */; };
		8334094C1E193AB1008C2E1A /* curl.h in Headers */ = {isa = PBXBuildFile; fileRef = 833409391E193AB1008C2E1A /* curl.h */; };
		8334094D1E193AB1008C2E1A /* curlbuild.h in Headers */ = {isa = PBXBuildFile; fileRef = 8334093A1E193AB1008C2E1A /* curlbuild.h */; };
		8334094E1E193AB1008C2E1A /* curlrules.h in Headers */ = {isa = PBXBuildFile; fileRef = 8334093B1E193AB1008C2E1A /* curlrules.h */; };
		8334094F1E193AB1008C2E1A /* curlver.h in Headers */ = {isa = PBXBuildFile; fileRef = 8334093C1E193AB1008C2E1A /* curlver.h */; };
		833409501E193AB1008C2E1A /* easy.h in Headers */ = {isa = PBXBuildFile; fileRef = 8334093D1E193AB1008C2E1A /* easy.h */; };
		833409511E193AB1008C2E1A /* mprintf.h in Headers */ = {isa = PBXBuildFile; fileRef = 8334093E1E193AB1008C2E1A /* mprintf.h */; };
		833409521E193AB1008C2E1A /* multi.h in Headers */ = {isa = PBXBuildFile; fileRef = 8334093F1E193AB1008C2E1A /* multi.h */; };
		833409531E193AB1008C2E1A /* stdcheaders.h in Headers */ = {isa = PBXBuildFile; fileRef = 833409401E193AB1008C2E1A /* stdcheaders.h */; };
		833409541E193AB1008C2E1A /* typecheck-gcc.h in Headers */ = {isa = PBXBuildFile; fileRef = 833409411E193AB1008C2E1A /* typecheck-gcc.h */; };
		833409551E193AB1008C2E1A /* libcurl.a in Frameworks */ = {isa = PBXBuildFile; fileRef = 833409431E193AB1008C2E1A /* libcurl.a */; };
		833409581E193AFE008C2E1A /* libz.tbd in Frameworks */ = {isa = PBXBuildFile; fileRef = 833409571E193AFE008C2E1A /* libz.tbd */; };
		833409621E193B23008C2E1A /* RHURLProtocol.h in Headers */ = {isa = PBXBuildFile; fileRef = 833409601E193B23008C2E1A /* RHURLProtocol.h */; settings = {ATTRIBUTES = (Public, ); }; };
		833409651E193B23008C2E1A /* RHURLProtocol.framework in Frameworks */ = {isa = PBXBuildFile; fileRef = 8334095E1E193B23008C2E1A /* RHURLProtocol.framework */; };
		833409661E193B23008C2E1A /* RHURLProtocol.framework in Embed Frameworks */ = {isa = PBXBuildFile; fileRef = 8334095E1E193B23008C2E1A /* RHURLProtocol.framework */; settings = {ATTRIBUTES = (CodeSignOnCopy, RemoveHeadersOnCopy, ); }; };
		833409751E193B5E008C2E1A /* RHCachingURLProtocol.m in Sources */ = {isa = PBXBuildFile; fileRef = 8334096A1E193B5E008C2E1A /* RHCachingURLProtocol.m */; };
		833409761E193B5E008C2E1A /* NSURLRequest+MutableCopyWorkaround.h in Headers */ = {isa = PBXBuildFile; fileRef = 8334096B1E193B5E008C2E1A /* NSURLRequest+MutableCopyWorkaround.h */; };
		833409771E193B5E008C2E1A /* Reachability.h in Headers */ = {isa = PBXBuildFile; fileRef = 8334096D1E193B5E008C2E1A /* Reachability.h */; };
		833409781E193B5E008C2E1A /* Reachability.m in Sources */ = {isa = PBXBuildFile; fileRef = 8334096E1E193B5E008C2E1A /* Reachability.m */; };
		833409791E193B5E008C2E1A /* RHCachingURLProtocol.h in Headers */ = {isa = PBXBuildFile; fileRef = 8334096F1E193B5E008C2E1A /* RHCachingURLProtocol.h */; };
		8334097A1E193B5E008C2E1A /* RHCacheData.m in Sources */ = {isa = PBXBuildFile; fileRef = 833409701E193B5E008C2E1A /* RHCacheData.m */; };
		8334097B1E193B5E008C2E1A /* RHCacheData.h in Headers */ = {isa = PBXBuildFile; fileRef = 833409711E193B5E008C2E1A /* RHCacheData.h */; };
		8334097C1E193B5E008C2E1A /* NSString+Crypto.m in Sources */ = {isa = PBXBuildFile; fileRef = 833409721E193B5E008C2E1A /* NSString+Crypto.m */; };
		8334097D1E193B5E008C2E1A /* NSString+Crypto.h in Headers */ = {isa = PBXBuildFile; fileRef = 833409731E193B5E008C2E1A /* NSString+Crypto.h */; };
		8334097E1E193B5E008C2E1A /* NSURLRequest+MutableCopyWorkaround.m in Sources */ = {isa = PBXBuildFile; fileRef = 833409741E193B5E008C2E1A /* NSURLRequest+MutableCopyWorkaround.m */; };
/* End PBXBuildFile section */

/* Begin PBXContainerItemProxy section */
		833409261E191CF2008C2E1A /* PBXContainerItemProxy */ = {
			isa = PBXContainerItemProxy;
			containerPortal = 833408FA1E191CB0008C2E1A /* Project object */;
			proxyType = 1;
			remoteGlobalIDString = 833409201E191CF2008C2E1A;
			remoteInfo = CurlNetwork;
		};
		833409631E193B23008C2E1A /* PBXContainerItemProxy */ = {
			isa = PBXContainerItemProxy;
			containerPortal = 833408FA1E191CB0008C2E1A /* Project object */;
			proxyType = 1;
			remoteGlobalIDString = 8334095D1E193B23008C2E1A;
			remoteInfo = RHURLProtocol;
		};
/* End PBXContainerItemProxy section */

/* Begin PBXCopyFilesBuildPhase section */
		8334092D1E191CF2008C2E1A /* Embed Frameworks */ = {
			isa = PBXCopyFilesBuildPhase;
			buildActionMask = 2147483647;
			dstPath = "";
			dstSubfolderSpec = 10;
			files = (
				833409661E193B23008C2E1A /* RHURLProtocol.framework in Embed Frameworks */,
				833409291E191CF2008C2E1A /* CurlNetwork.framework in Embed Frameworks */,
			);
			name = "Embed Frameworks";
			runOnlyForDeploymentPostprocessing = 0;
		};
/* End PBXCopyFilesBuildPhase section */

/* Begin PBXFileReference section */
		833409021E191CB0008C2E1A /* Example.app */ = {isa = PBXFileReference; explicitFileType = wrapper.application; includeInIndex = 0; path = Example.app; sourceTree = BUILT_PRODUCTS_DIR; };
		833409061E191CB0008C2E1A /* main.m */ = {isa = PBXFileReference; lastKnownFileType = sourcecode.c.objc; path = main.m; sourceTree = "<group>"; };
		833409081E191CB0008C2E1A /* AppDelegate.h */ = {isa = PBXFileReference; lastKnownFileType = sourcecode.c.h; path = AppDelegate.h; sourceTree = "<group>"; };
		833409091E191CB0008C2E1A /* AppDelegate.m */ = {isa = PBXFileReference; lastKnownFileType = sourcecode.c.objc; path = AppDelegate.m; sourceTree = "<group>"; };
		8334090B1E191CB0008C2E1A /* ViewController.h */ = {isa = PBXFileReference; lastKnownFileType = sourcecode.c.h; path = ViewController.h; sourceTree = "<group>"; };
		8334090C1E191CB0008C2E1A /* ViewController.m */ = {isa = PBXFileReference; lastKnownFileType = sourcecode.c.objc; path = ViewController.m; sourceTree = "<group>"; };
		8334090F1E191CB0008C2E1A /* Base */ = {isa = PBXFileReference; lastKnownFileType = file.storyboard; name = Base; path = Base.lproj/Main.storyboard; sourceTree = "<group>"; };
		833409111E191CB0008C2E1A /* Assets.xcassets */ = {isa = PBXFileReference; lastKnownFileType = folder.assetcatalog; path = Assets.xcassets; sourceTree = "<group>"; };
		833409141E191CB0008C2E1A /* Base */ = {isa = PBXFileReference; lastKnownFileType = file.storyboard; name = Base; path = Base.lproj/LaunchScreen.storyboard; sourceTree = "<group>"; };
		833409161E191CB0008C2E1A /* Info.plist */ = {isa = PBXFileReference; lastKnownFileType = text.plist.xml; path = Info.plist; sourceTree = "<group>"; };
		833409211E191CF2008C2E1A /* CurlNetwork.framework */ = {isa = PBXFileReference; explicitFileType = wrapper.framework; includeInIndex = 0; path = CurlNetwork.framework; sourceTree = BUILT_PRODUCTS_DIR; };
		833409231E191CF2008C2E1A /* CurlNetwork.h */ = {isa = PBXFileReference; lastKnownFileType = sourcecode.c.h; path = CurlNetwork.h; sourceTree = "<group>"; };
		833409241E191CF2008C2E1A /* Info.plist */ = {isa = PBXFileReference; lastKnownFileType = text.plist.xml; path = Info.plist; sourceTree = "<group>"; };
		8334092E1E193AB1008C2E1A /* CCCurlConnection.m */ = {isa = PBXFileReference; fileEncoding = 4; lastKnownFileType = sourcecode.c.objc; path = CCCurlConnection.m; sourceTree = "<group>"; };
		8334092F1E193AB1008C2E1A /* CCHttpClient.m */ = {isa = PBXFileReference; fileEncoding = 4; lastKnownFileType = sourcecode.c.objc; path = CCHttpClient.m; sourceTree = "<group>"; };
		833409301E193AB1008C2E1A /* CCHttpClient.h */ = {isa = PBXFileReference; fileEncoding = 4; lastKnownFileType = sourcecode.c.h; path = CCHttpClient.h; sourceTree = "<group>"; };
		833409311E193AB1008C2E1A /* CCHttpRequest.m */ = {isa = PBXFileReference; fileEncoding = 4; lastKnownFileType = sourcecode.c.objc; path = CCHttpRequest.m; sourceTree = "<group>"; };
		833409321E193AB1008C2E1A /* CCCurlConnection.h */ = {isa = PBXFileReference; fileEncoding = 4; lastKnownFileType = sourcecode.c.h; path = CCCurlConnection.h; sourceTree = "<group>"; };
		833409331E193AB1008C2E1A /* CCHttpResponse.m */ = {isa = PBXFileReference; fileEncoding = 4; lastKnownFileType = sourcecode.c.objc; path = CCHttpResponse.m; sourceTree = "<group>"; };
		833409341E193AB1008C2E1A /* CCHttpResponse.h */ = {isa = PBXFileReference; fileEncoding = 4; lastKnownFileType = sourcecode.c.h; path = CCHttpResponse.h; sourceTree = "<group>"; };
		833409351E193AB1008C2E1A /* CCHttpRequest.h */ = {isa = PBXFileReference; fileEncoding = 4; lastKnownFileType = sourcecode.c.h; path = CCHttpRequest.h; sourceTree = "<group>"; };
		833409391E193AB1008C2E1A /* curl.h */ = {isa = PBXFileReference; fileEncoding = 4; lastKnownFileType = sourcecode.c.h; path = curl.h; sourceTree = "<group>"; };
		8334093A1E193AB1008C2E1A /* curlbuild.h */ = {isa = PBXFileReference; fileEncoding = 4; lastKnownFileType = sourcecode.c.h; path = curlbuild.h; sourceTree = "<group>"; };
		8334093B1E193AB1008C2E1A /* curlrules.h */ = {isa = PBXFileReference; fileEncoding = 4; lastKnownFileType = sourcecode.c.h; path = curlrules.h; sourceTree = "<group>"; };
		8334093C1E193AB1008C2E1A /* curlver.h */ = {isa = PBXFileReference; fileEncoding = 4; lastKnownFileType = sourcecode.c.h; path = curlver.h; sourceTree = "<group>"; };
		8334093D1E193AB1008C2E1A /* easy.h */ = {isa = PBXFileReference; fileEncoding = 4; lastKnownFileType = sourcecode.c.h; path = easy.h; sourceTree = "<group>"; };
		8334093E1E193AB1008C2E1A /* mprintf.h */ = {isa = PBXFileReference; fileEncoding = 4; lastKnownFileType = sourcecode.c.h; path = mprintf.h; sourceTree = "<group>"; };
		8334093F1E193AB1008C2E1A /* multi.h */ = {isa = PBXFileReference; fileEncoding = 4; lastKnownFileType = sourcecode.c.h; path = multi.h; sourceTree = "<group>"; };
		833409401E193AB1008C2E1A /* stdcheaders.h */ = {isa = PBXFileReference; fileEncoding = 4; lastKnownFileType = sourcecode.c.h; path = stdcheaders.h; sourceTree = "<group>"; };
		833409411E193AB1008C2E1A /* typecheck-gcc.h */ = {isa = PBXFileReference; fileEncoding = 4; lastKnownFileType = sourcecode.c.h; path = "typecheck-gcc.h"; sourceTree = "<group>"; };
		833409431E193AB1008C2E1A /* libcurl.a */ = {isa = PBXFileReference; lastKnownFileType = archive.ar; path = libcurl.a; sourceTree = "<group>"; };
		833409571E193AFE008C2E1A /* libz.tbd */ = {isa = PBXFileReference; lastKnownFileType = "sourcecode.text-based-dylib-definition"; name = libz.tbd; path = usr/lib/libz.tbd; sourceTree = SDKROOT; };
		8334095E1E193B23008C2E1A /* RHURLProtocol.framework */ = {isa = PBXFileReference; explicitFileType = wrapper.framework; includeInIndex = 0; path = RHURLProtocol.framework; sourceTree = BUILT_PRODUCTS_DIR; };
		833409601E193B23008C2E1A /* RHURLProtocol.h */ = {isa = PBXFileReference; lastKnownFileType = sourcecode.c.h; path = RHURLProtocol.h; sourceTree = "<group>"; };
		833409611E193B23008C2E1A /* Info.plist */ = {isa = PBXFileReference; lastKnownFileType = text.plist.xml; path = Info.plist; sourceTree = "<group>"; };
		8334096A1E193B5E008C2E1A /* RHCachingURLProtocol.m */ = {isa = PBXFileReference; fileEncoding = 4; lastKnownFileType = sourcecode.c.objc; path = RHCachingURLProtocol.m; sourceTree = "<group>"; };
		8334096B1E193B5E008C2E1A /* NSURLRequest+MutableCopyWorkaround.h */ = {isa = PBXFileReference; fileEncoding = 4; lastKnownFileType = sourcecode.c.h; path = "NSURLRequest+MutableCopyWorkaround.h"; sourceTree = "<group>"; };
		8334096D1E193B5E008C2E1A /* Reachability.h */ = {isa = PBXFileReference; fileEncoding = 4; lastKnownFileType = sourcecode.c.h; path = Reachability.h; sourceTree = "<group>"; };
		8334096E1E193B5E008C2E1A /* Reachability.m */ = {isa = PBXFileReference; fileEncoding = 4; lastKnownFileType = sourcecode.c.objc; path = Reachability.m; sourceTree = "<group>"; };
		8334096F1E193B5E008C2E1A /* RHCachingURLProtocol.h */ = {isa = PBXFileReference; fileEncoding = 4; lastKnownFileType = sourcecode.c.h; path = RHCachingURLProtocol.h; sourceTree = "<group>"; };
		833409701E193B5E008C2E1A /* RHCacheData.m */ = {isa = PBXFileReference; fileEncoding = 4; lastKnownFileType = sourcecode.c.objc; path = RHCacheData.m; sourceTree = "<group>"; };
		833409711E193B5E008C2E1A /* RHCacheData.h */ = {isa = PBXFileReference; fileEncoding = 4; lastKnownFileType = sourcecode.c.h; path = RHCacheData.h; sourceTree = "<group>"; };
		833409721E193B5E008C2E1A /* NSString+Crypto.m */ = {isa = PBXFileReference; fileEncoding = 4; lastKnownFileType = sourcecode.c.objc; path = "NSString+Crypto.m"; sourceTree = "<group>"; };
		833409731E193B5E008C2E1A /* NSString+Crypto.h */ = {isa = PBXFileReference; fileEncoding = 4; lastKnownFileType = sourcecode.c.h; path = "NSString+Crypto.h"; sourceTree = "<group>"; };
		833409741E193B5E008C2E1A /* NSURLRequest+MutableCopyWorkaround.m */ = {isa = PBXFileReference; fileEncoding = 4; lastKnownFileType = sourcecode.c.objc; path = "NSURLRequest+MutableCopyWorkaround.m"; sourceTree = "<group>"; };
/* End PBXFileReference section */

/* Begin PBXFrameworksBuildPhase section */
		833408FF1E191CB0008C2E1A /* Frameworks */ = {
			isa = PBXFrameworksBuildPhase;
			buildActionMask = 2147483647;
			files = (
				833409651E193B23008C2E1A /* RHURLProtocol.framework in Frameworks */,
				833409281E191CF2008C2E1A /* CurlNetwork.framework in Frameworks */,
			);
			runOnlyForDeploymentPostprocessing = 0;
		};
		8334091D1E191CF2008C2E1A /* Frameworks */ = {
			isa = PBXFrameworksBuildPhase;
			buildActionMask = 2147483647;
			files = (
				833409581E193AFE008C2E1A /* libz.tbd in Frameworks */,
				833409551E193AB1008C2E1A /* libcurl.a in Frameworks */,
			);
			runOnlyForDeploymentPostprocessing = 0;
		};
		8334095A1E193B23008C2E1A /* Frameworks */ = {
			isa = PBXFrameworksBuildPhase;
			buildActionMask = 2147483647;
			files = (
			);
			runOnlyForDeploymentPostprocessing = 0;
		};
/* End PBXFrameworksBuildPhase section */

/* Begin PBXGroup section */
		833408F91E191CB0008C2E1A = {
			isa = PBXGroup;
			children = (
				833409041E191CB0008C2E1A /* Example */,
				833409221E191CF2008C2E1A /* CurlNetwork */,
				8334095F1E193B23008C2E1A /* RHURLProtocol */,
				833409031E191CB0008C2E1A /* Products */,
				833409561E193AFE008C2E1A /* Frameworks */,
			);
			sourceTree = "<group>";
		};
		833409031E191CB0008C2E1A /* Products */ = {
			isa = PBXGroup;
			children = (
				833409021E191CB0008C2E1A /* Example.app */,
				833409211E191CF2008C2E1A /* CurlNetwork.framework */,
				8334095E1E193B23008C2E1A /* RHURLProtocol.framework */,
			);
			name = Products;
			sourceTree = "<group>";
		};
		833409041E191CB0008C2E1A /* Example */ = {
			isa = PBXGroup;
			children = (
				833409081E191CB0008C2E1A /* AppDelegate.h */,
				833409091E191CB0008C2E1A /* AppDelegate.m */,
				8334090B1E191CB0008C2E1A /* ViewController.h */,
				8334090C1E191CB0008C2E1A /* ViewController.m */,
				8334090E1E191CB0008C2E1A /* Main.storyboard */,
				833409111E191CB0008C2E1A /* Assets.xcassets */,
				833409131E191CB0008C2E1A /* LaunchScreen.storyboard */,
				833409161E191CB0008C2E1A /* Info.plist */,
				833409051E191CB0008C2E1A /* Supporting Files */,
			);
			path = Example;
			sourceTree = "<group>";
		};
		833409051E191CB0008C2E1A /* Supporting Files */ = {
			isa = PBXGroup;
			children = (
				833409061E191CB0008C2E1A /* main.m */,
			);
			name = "Supporting Files";
			sourceTree = "<group>";
		};
		833409221E191CF2008C2E1A /* CurlNetwork */ = {
			isa = PBXGroup;
			children = (
				833409321E193AB1008C2E1A /* CCCurlConnection.h */,
				8334092E1E193AB1008C2E1A /* CCCurlConnection.m */,
				8334092F1E193AB1008C2E1A /* CCHttpClient.m */,
				833409301E193AB1008C2E1A /* CCHttpClient.h */,
				833409351E193AB1008C2E1A /* CCHttpRequest.h */,
				833409311E193AB1008C2E1A /* CCHttpRequest.m */,
				833409341E193AB1008C2E1A /* CCHttpResponse.h */,
				833409331E193AB1008C2E1A /* CCHttpResponse.m */,
				833409361E193AB1008C2E1A /* libcurl-ios-dist */,
				833409231E191CF2008C2E1A /* CurlNetwork.h */,
				833409241E191CF2008C2E1A /* Info.plist */,
			);
			path = CurlNetwork;
			sourceTree = "<group>";
		};
		833409361E193AB1008C2E1A /* libcurl-ios-dist */ = {
			isa = PBXGroup;
			children = (
				833409371E193AB1008C2E1A /* include */,
				833409421E193AB1008C2E1A /* lib */,
			);
			path = "libcurl-ios-dist";
			sourceTree = "<group>";
		};
		833409371E193AB1008C2E1A /* include */ = {
			isa = PBXGroup;
			children = (
				833409381E193AB1008C2E1A /* curl */,
			);
			path = include;
			sourceTree = "<group>";
		};
		833409381E193AB1008C2E1A /* curl */ = {
			isa = PBXGroup;
			children = (
				833409391E193AB1008C2E1A /* curl.h */,
				8334093A1E193AB1008C2E1A /* curlbuild.h */,
				8334093B1E193AB1008C2E1A /* curlrules.h */,
				8334093C1E193AB1008C2E1A /* curlver.h */,
				8334093D1E193AB1008C2E1A /* easy.h */,
				8334093E1E193AB1008C2E1A /* mprintf.h */,
				8334093F1E193AB1008C2E1A /* multi.h */,
				833409401E193AB1008C2E1A /* stdcheaders.h */,
				833409411E193AB1008C2E1A /* typecheck-gcc.h */,
			);
			path = curl;
			sourceTree = "<group>";
		};
		833409421E193AB1008C2E1A /* lib */ = {
			isa = PBXGroup;
			children = (
				833409431E193AB1008C2E1A /* libcurl.a */,
			);
			path = lib;
			sourceTree = "<group>";
		};
		833409561E193AFE008C2E1A /* Frameworks */ = {
			isa = PBXGroup;
			children = (
				833409571E193AFE008C2E1A /* libz.tbd */,
			);
			name = Frameworks;
			sourceTree = "<group>";
		};
		8334095F1E193B23008C2E1A /* RHURLProtocol */ = {
			isa = PBXGroup;
			children = (
				8334096F1E193B5E008C2E1A /* RHCachingURLProtocol.h */,
				8334096A1E193B5E008C2E1A /* RHCachingURLProtocol.m */,
				833409711E193B5E008C2E1A /* RHCacheData.h */,
				833409701E193B5E008C2E1A /* RHCacheData.m */,
				833409731E193B5E008C2E1A /* NSString+Crypto.h */,
				833409721E193B5E008C2E1A /* NSString+Crypto.m */,
				8334096B1E193B5E008C2E1A /* NSURLRequest+MutableCopyWorkaround.h */,
				833409741E193B5E008C2E1A /* NSURLRequest+MutableCopyWorkaround.m */,
				8334096C1E193B5E008C2E1A /* Reachability */,
				833409601E193B23008C2E1A /* RHURLProtocol.h */,
				833409611E193B23008C2E1A /* Info.plist */,
			);
			path = RHURLProtocol;
			sourceTree = "<group>";
		};
		8334096C1E193B5E008C2E1A /* Reachability */ = {
			isa = PBXGroup;
			children = (
				8334096D1E193B5E008C2E1A /* Reachability.h */,
				8334096E1E193B5E008C2E1A /* Reachability.m */,
			);
			path = Reachability;
			sourceTree = "<group>";
		};
/* End PBXGroup section */

/* Begin PBXHeadersBuildPhase section */
		8334091E1E191CF2008C2E1A /* Headers */ = {
			isa = PBXHeadersBuildPhase;
			buildActionMask = 2147483647;
			files = (
				833409521E193AB1008C2E1A /* multi.h in Headers */,
				833409531E193AB1008C2E1A /* stdcheaders.h in Headers */,
				833409501E193AB1008C2E1A /* easy.h in Headers */,
				833409511E193AB1008C2E1A /* mprintf.h in Headers */,
				8334094F1E193AB1008C2E1A /* curlver.h in Headers */,
				833409251E191CF2008C2E1A /* CurlNetwork.h in Headers */,
				833409461E193AB1008C2E1A /* CCHttpClient.h in Headers */,
				8334094E1E193AB1008C2E1A /* curlrules.h in Headers */,
				8334094C1E193AB1008C2E1A /* curl.h in Headers */,
				8334094D1E193AB1008C2E1A /* curlbuild.h in Headers */,
				833409481E193AB1008C2E1A /* CCCurlConnection.h in Headers */,
				8334094B1E193AB1008C2E1A /* CCHttpRequest.h in Headers */,
				8334094A1E193AB1008C2E1A /* CCHttpResponse.h in Headers */,
				833409541E193AB1008C2E1A /* typecheck-gcc.h in Headers */,
			);
			runOnlyForDeploymentPostprocessing = 0;
		};
		8334095B1E193B23008C2E1A /* Headers */ = {
			isa = PBXHeadersBuildPhase;
			buildActionMask = 2147483647;
			files = (
				833409791E193B5E008C2E1A /* RHCachingURLProtocol.h in Headers */,
				8334097D1E193B5E008C2E1A /* NSString+Crypto.h in Headers */,
				833409771E193B5E008C2E1A /* Reachability.h in Headers */,
				833409621E193B23008C2E1A /* RHURLProtocol.h in Headers */,
				8334097B1E193B5E008C2E1A /* RHCacheData.h in Headers */,
				833409761E193B5E008C2E1A /* NSURLRequest+MutableCopyWorkaround.h in Headers */,
			);
			runOnlyForDeploymentPostprocessing = 0;
		};
/* End PBXHeadersBuildPhase section */

/* Begin PBXNativeTarget section */
		833409011E191CB0008C2E1A /* Example */ = {
			isa = PBXNativeTarget;
			buildConfigurationList = 833409191E191CB0008C2E1A /* Build configuration list for PBXNativeTarget "Example" */;
			buildPhases = (
				833408FE1E191CB0008C2E1A /* Sources */,
				833408FF1E191CB0008C2E1A /* Frameworks */,
				833409001E191CB0008C2E1A /* Resources */,
				8334092D1E191CF2008C2E1A /* Embed Frameworks */,
			);
			buildRules = (
			);
			dependencies = (
				833409271E191CF2008C2E1A /* PBXTargetDependency */,
				833409641E193B23008C2E1A /* PBXTargetDependency */,
			);
			name = Example;
			productName = Example;
			productReference = 833409021E191CB0008C2E1A /* Example.app */;
			productType = "com.apple.product-type.application";
		};
		833409201E191CF2008C2E1A /* CurlNetwork */ = {
			isa = PBXNativeTarget;
			buildConfigurationList = 8334092A1E191CF2008C2E1A /* Build configuration list for PBXNativeTarget "CurlNetwork" */;
			buildPhases = (
				8334091C1E191CF2008C2E1A /* Sources */,
				8334091D1E191CF2008C2E1A /* Frameworks */,
				8334091E1E191CF2008C2E1A /* Headers */,
				8334091F1E191CF2008C2E1A /* Resources */,
			);
			buildRules = (
			);
			dependencies = (
			);
			name = CurlNetwork;
			productName = CurlNetwork;
			productReference = 833409211E191CF2008C2E1A /* CurlNetwork.framework */;
			productType = "com.apple.product-type.framework";
		};
		8334095D1E193B23008C2E1A /* RHURLProtocol */ = {
			isa = PBXNativeTarget;
			buildConfigurationList = 833409671E193B23008C2E1A /* Build configuration list for PBXNativeTarget "RHURLProtocol" */;
			buildPhases = (
				833409591E193B23008C2E1A /* Sources */,
				8334095A1E193B23008C2E1A /* Frameworks */,
				8334095B1E193B23008C2E1A /* Headers */,
				8334095C1E193B23008C2E1A /* Resources */,
			);
			buildRules = (
			);
			dependencies = (
			);
			name = RHURLProtocol;
			productName = RHURLProtocol;
			productReference = 8334095E1E193B23008C2E1A /* RHURLProtocol.framework */;
			productType = "com.apple.product-type.framework";
		};
/* End PBXNativeTarget section */

/* Begin PBXProject section */
		833408FA1E191CB0008C2E1A /* Project object */ = {
			isa = PBXProject;
			attributes = {
				LastUpgradeCheck = 0810;
				ORGANIZATIONNAME = zhuruhong;
				TargetAttributes = {
					833409011E191CB0008C2E1A = {
						CreatedOnToolsVersion = 8.1;
						ProvisioningStyle = Automatic;
					};
					833409201E191CF2008C2E1A = {
						CreatedOnToolsVersion = 8.1;
						ProvisioningStyle = Automatic;
					};
					8334095D1E193B23008C2E1A = {
						CreatedOnToolsVersion = 8.1;
						ProvisioningStyle = Automatic;
					};
				};
			};
			buildConfigurationList = 833408FD1E191CB0008C2E1A /* Build configuration list for PBXProject "Example" */;
			compatibilityVersion = "Xcode 3.2";
			developmentRegion = English;
			hasScannedForEncodings = 0;
			knownRegions = (
				en,
				Base,
			);
			mainGroup = 833408F91E191CB0008C2E1A;
			productRefGroup = 833409031E191CB0008C2E1A /* Products */;
			projectDirPath = "";
			projectRoot = "";
			targets = (
				833409011E191CB0008C2E1A /* Example */,
				833409201E191CF2008C2E1A /* CurlNetwork */,
				8334095D1E193B23008C2E1A /* RHURLProtocol */,
			);
		};
/* End PBXProject section */

/* Begin PBXResourcesBuildPhase section */
		833409001E191CB0008C2E1A /* Resources */ = {
			isa = PBXResourcesBuildPhase;
			buildActionMask = 2147483647;
			files = (
				833409151E191CB0008C2E1A /* LaunchScreen.storyboard in Resources */,
				833409121E191CB0008C2E1A /* Assets.xcassets in Resources */,
				833409101E191CB0008C2E1A /* Main.storyboard in Resources */,
			);
			runOnlyForDeploymentPostprocessing = 0;
		};
		8334091F1E191CF2008C2E1A /* Resources */ = {
			isa = PBXResourcesBuildPhase;
			buildActionMask = 2147483647;
			files = (
			);
			runOnlyForDeploymentPostprocessing = 0;
		};
		8334095C1E193B23008C2E1A /* Resources */ = {
			isa = PBXResourcesBuildPhase;
			buildActionMask = 2147483647;
			files = (
			);
			runOnlyForDeploymentPostprocessing = 0;
		};
/* End PBXResourcesBuildPhase section */

/* Begin PBXSourcesBuildPhase section */
		833408FE1E191CB0008C2E1A /* Sources */ = {
			isa = PBXSourcesBuildPhase;
			buildActionMask = 2147483647;
			files = (
				8334090D1E191CB0008C2E1A /* ViewController.m in Sources */,
				8334090A1E191CB0008C2E1A /* AppDelegate.m in Sources */,
				833409071E191CB0008C2E1A /* main.m in Sources */,
			);
			runOnlyForDeploymentPostprocessing = 0;
		};
		8334091C1E191CF2008C2E1A /* Sources */ = {
			isa = PBXSourcesBuildPhase;
			buildActionMask = 2147483647;
			files = (
				833409491E193AB1008C2E1A /* CCHttpResponse.m in Sources */,
				833409451E193AB1008C2E1A /* CCHttpClient.m in Sources */,
				833409471E193AB1008C2E1A /* CCHttpRequest.m in Sources */,
				833409441E193AB1008C2E1A /* CCCurlConnection.m in Sources */,
			);
			runOnlyForDeploymentPostprocessing = 0;
		};
		833409591E193B23008C2E1A /* Sources */ = {
			isa = PBXSourcesBuildPhase;
			buildActionMask = 2147483647;
			files = (
				8334097C1E193B5E008C2E1A /* NSString+Crypto.m in Sources */,
				8334097E1E193B5E008C2E1A /* NSURLRequest+MutableCopyWorkaround.m in Sources */,
				8334097A1E193B5E008C2E1A /* RHCacheData.m in Sources */,
				833409781E193B5E008C2E1A /* Reachability.m in Sources */,
				833409751E193B5E008C2E1A /* RHCachingURLProtocol.m in Sources */,
			);
			runOnlyForDeploymentPostprocessing = 0;
		};
/* End PBXSourcesBuildPhase section */

/* Begin PBXTargetDependency section */
		833409271E191CF2008C2E1A /* PBXTargetDependency */ = {
			isa = PBXTargetDependency;
			target = 833409201E191CF2008C2E1A /* CurlNetwork */;
			targetProxy = 833409261E191CF2008C2E1A /* PBXContainerItemProxy */;
		};
		833409641E193B23008C2E1A /* PBXTargetDependency */ = {
			isa = PBXTargetDependency;
			target = 8334095D1E193B23008C2E1A /* RHURLProtocol */;
			targetProxy = 833409631E193B23008C2E1A /* PBXContainerItemProxy */;
		};
/* End PBXTargetDependency section */

/* Begin PBXVariantGroup section */
		8334090E1E191CB0008C2E1A /* Main.storyboard */ = {
			isa = PBXVariantGroup;
			children = (
				8334090F1E191CB0008C2E1A /* Base */,
			);
			name = Main.storyboard;
			sourceTree = "<group>";
		};
		833409131E191CB0008C2E1A /* LaunchScreen.storyboard */ = {
			isa = PBXVariantGroup;
			children = (
				833409141E191CB0008C2E1A /* Base */,
			);
			name = LaunchScreen.storyboard;
			sourceTree = "<group>";
		};
/* End PBXVariantGroup section */

/* Begin XCBuildConfiguration section */
		833409171E191CB0008C2E1A /* Debug */ = {
			isa = XCBuildConfiguration;
			buildSettings = {
				ALWAYS_SEARCH_USER_PATHS = NO;
				CLANG_ANALYZER_NONNULL = YES;
				CLANG_CXX_LANGUAGE_STANDARD = "gnu++0x";
				CLANG_CXX_LIBRARY = "libc++";
				CLANG_ENABLE_MODULES = YES;
				CLANG_ENABLE_OBJC_ARC = YES;
				CLANG_WARN_BOOL_CONVERSION = YES;
				CLANG_WARN_CONSTANT_CONVERSION = YES;
				CLANG_WARN_DIRECT_OBJC_ISA_USAGE = YES_ERROR;
				CLANG_WARN_DOCUMENTATION_COMMENTS = YES;
				CLANG_WARN_EMPTY_BODY = YES;
				CLANG_WARN_ENUM_CONVERSION = YES;
				CLANG_WARN_INFINITE_RECURSION = YES;
				CLANG_WARN_INT_CONVERSION = YES;
				CLANG_WARN_OBJC_ROOT_CLASS = YES_ERROR;
				CLANG_WARN_SUSPICIOUS_MOVES = YES;
				CLANG_WARN_UNREACHABLE_CODE = YES;
				CLANG_WARN__DUPLICATE_METHOD_MATCH = YES;
				"CODE_SIGN_IDENTITY[sdk=iphoneos*]" = "iPhone Developer";
				COPY_PHASE_STRIP = NO;
				DEBUG_INFORMATION_FORMAT = dwarf;
				ENABLE_STRICT_OBJC_MSGSEND = YES;
				ENABLE_TESTABILITY = YES;
				GCC_C_LANGUAGE_STANDARD = gnu99;
				GCC_DYNAMIC_NO_PIC = NO;
				GCC_NO_COMMON_BLOCKS = YES;
				GCC_OPTIMIZATION_LEVEL = 0;
				GCC_PREPROCESSOR_DEFINITIONS = (
					"DEBUG=1",
					"$(inherited)",
				);
				GCC_WARN_64_TO_32_BIT_CONVERSION = YES;
				GCC_WARN_ABOUT_RETURN_TYPE = YES_ERROR;
				GCC_WARN_UNDECLARED_SELECTOR = YES;
				GCC_WARN_UNINITIALIZED_AUTOS = YES_AGGRESSIVE;
				GCC_WARN_UNUSED_FUNCTION = YES;
				GCC_WARN_UNUSED_VARIABLE = YES;
				IPHONEOS_DEPLOYMENT_TARGET = 8.0;
				MTL_ENABLE_DEBUG_INFO = YES;
				ONLY_ACTIVE_ARCH = YES;
				SDKROOT = iphoneos;
				TARGETED_DEVICE_FAMILY = "1,2";
			};
			name = Debug;
		};
		833409181E191CB0008C2E1A /* Release */ = {
			isa = XCBuildConfiguration;
			buildSettings = {
				ALWAYS_SEARCH_USER_PATHS = NO;
				CLANG_ANALYZER_NONNULL = YES;
				CLANG_CXX_LANGUAGE_STANDARD = "gnu++0x";
				CLANG_CXX_LIBRARY = "libc++";
				CLANG_ENABLE_MODULES = YES;
				CLANG_ENABLE_OBJC_ARC = YES;
				CLANG_WARN_BOOL_CONVERSION = YES;
				CLANG_WARN_CONSTANT_CONVERSION = YES;
				CLANG_WARN_DIRECT_OBJC_ISA_USAGE = YES_ERROR;
				CLANG_WARN_DOCUMENTATION_COMMENTS = YES;
				CLANG_WARN_EMPTY_BODY = YES;
				CLANG_WARN_ENUM_CONVERSION = YES;
				CLANG_WARN_INFINITE_RECURSION = YES;
				CLANG_WARN_INT_CONVERSION = YES;
				CLANG_WARN_OBJC_ROOT_CLASS = YES_ERROR;
				CLANG_WARN_SUSPICIOUS_MOVES = YES;
				CLANG_WARN_UNREACHABLE_CODE = YES;
				CLANG_WARN__DUPLICATE_METHOD_MATCH = YES;
				"CODE_SIGN_IDENTITY[sdk=iphoneos*]" = "iPhone Developer";
				COPY_PHASE_STRIP = NO;
				DEBUG_INFORMATION_FORMAT = "dwarf-with-dsym";
				ENABLE_NS_ASSERTIONS = NO;
				ENABLE_STRICT_OBJC_MSGSEND = YES;
				GCC_C_LANGUAGE_STANDARD = gnu99;
				GCC_NO_COMMON_BLOCKS = YES;
				GCC_WARN_64_TO_32_BIT_CONVERSION = YES;
				GCC_WARN_ABOUT_RETURN_TYPE = YES_ERROR;
				GCC_WARN_UNDECLARED_SELECTOR = YES;
				GCC_WARN_UNINITIALIZED_AUTOS = YES_AGGRESSIVE;
				GCC_WARN_UNUSED_FUNCTION = YES;
				GCC_WARN_UNUSED_VARIABLE = YES;
				IPHONEOS_DEPLOYMENT_TARGET = 8.0;
				MTL_ENABLE_DEBUG_INFO = NO;
				SDKROOT = iphoneos;
				TARGETED_DEVICE_FAMILY = "1,2";
				VALIDATE_PRODUCT = YES;
			};
			name = Release;
		};
		8334091A1E191CB0008C2E1A /* Debug */ = {
			isa = XCBuildConfiguration;
			buildSettings = {
				ASSETCATALOG_COMPILER_APPICON_NAME = AppIcon;
				INFOPLIST_FILE = Example/Info.plist;
				LD_RUNPATH_SEARCH_PATHS = "$(inherited) @executable_path/Frameworks";
				PRODUCT_BUNDLE_IDENTIFIER = com.zrh.Example;
				PRODUCT_NAME = "$(TARGET_NAME)";
			};
			name = Debug;
		};
		8334091B1E191CB0008C2E1A /* Release */ = {
			isa = XCBuildConfiguration;
			buildSettings = {
				ASSETCATALOG_COMPILER_APPICON_NAME = AppIcon;
				INFOPLIST_FILE = Example/Info.plist;
				LD_RUNPATH_SEARCH_PATHS = "$(inherited) @executable_path/Frameworks";
				PRODUCT_BUNDLE_IDENTIFIER = com.zrh.Example;
				PRODUCT_NAME = "$(TARGET_NAME)";
			};
			name = Release;
		};
		8334092B1E191CF2008C2E1A /* Debug */ = {
			isa = XCBuildConfiguration;
			buildSettings = {
				CODE_SIGN_IDENTITY = "";
				CURRENT_PROJECT_VERSION = 1;
				DEFINES_MODULE = YES;
				DYLIB_COMPATIBILITY_VERSION = 1;
				DYLIB_CURRENT_VERSION = 1;
				DYLIB_INSTALL_NAME_BASE = "@rpath";
				INFOPLIST_FILE = CurlNetwork/Info.plist;
				INSTALL_PATH = "$(LOCAL_LIBRARY_DIR)/Frameworks";
				LD_RUNPATH_SEARCH_PATHS = "$(inherited) @executable_path/Frameworks @loader_path/Frameworks";
				LIBRARY_SEARCH_PATHS = (
					"$(inherited)",
					"$(PROJECT_DIR)/CurlNetwork/libcurl-ios-dist/lib",
				);
				PRODUCT_BUNDLE_IDENTIFIER = com.zrh.CurlNetwork;
				PRODUCT_NAME = "$(TARGET_NAME)";
				SKIP_INSTALL = YES;
				VERSIONING_SYSTEM = "apple-generic";
				VERSION_INFO_PREFIX = "";
			};
			name = Debug;
		};
		8334092C1E191CF2008C2E1A /* Release */ = {
			isa = XCBuildConfiguration;
			buildSettings = {
				CODE_SIGN_IDENTITY = "";
				CURRENT_PROJECT_VERSION = 1;
				DEFINES_MODULE = YES;
				DYLIB_COMPATIBILITY_VERSION = 1;
				DYLIB_CURRENT_VERSION = 1;
				DYLIB_INSTALL_NAME_BASE = "@rpath";
				INFOPLIST_FILE = CurlNetwork/Info.plist;
				INSTALL_PATH = "$(LOCAL_LIBRARY_DIR)/Frameworks";
				LD_RUNPATH_SEARCH_PATHS = "$(inherited) @executable_path/Frameworks @loader_path/Frameworks";
				LIBRARY_SEARCH_PATHS = (
					"$(inherited)",
					"$(PROJECT_DIR)/CurlNetwork/libcurl-ios-dist/lib",
				);
				PRODUCT_BUNDLE_IDENTIFIER = com.zrh.CurlNetwork;
				PRODUCT_NAME = "$(TARGET_NAME)";
				SKIP_INSTALL = YES;
				VERSIONING_SYSTEM = "apple-generic";
				VERSION_INFO_PREFIX = "";
			};
			name = Release;
		};
		833409681E193B23008C2E1A /* Debug */ = {
			isa = XCBuildConfiguration;
			buildSettings = {
				CODE_SIGN_IDENTITY = "";
				CURRENT_PROJECT_VERSION = 1;
				DEFINES_MODULE = YES;
				DYLIB_COMPATIBILITY_VERSION = 1;
				DYLIB_CURRENT_VERSION = 1;
				DYLIB_INSTALL_NAME_BASE = "@rpath";
				INFOPLIST_FILE = RHURLProtocol/Info.plist;
				INSTALL_PATH = "$(LOCAL_LIBRARY_DIR)/Frameworks";
				LD_RUNPATH_SEARCH_PATHS = "$(inherited) @executable_path/Frameworks @loader_path/Frameworks";
				PRODUCT_BUNDLE_IDENTIFIER = com.zrh.RHURLProtocol;
				PRODUCT_NAME = "$(TARGET_NAME)";
				SKIP_INSTALL = YES;
				VERSIONING_SYSTEM = "apple-generic";
				VERSION_INFO_PREFIX = "";
			};
			name = Debug;
		};
		833409691E193B23008C2E1A /* Release */ = {
			isa = XCBuildConfiguration;
			buildSettings = {
				CODE_SIGN_IDENTITY = "";
				CURRENT_PROJECT_VERSION = 1;
				DEFINES_MODULE = YES;
				DYLIB_COMPATIBILITY_VERSION = 1;
				DYLIB_CURRENT_VERSION = 1;
				DYLIB_INSTALL_NAME_BASE = "@rpath";
				INFOPLIST_FILE = RHURLProtocol/Info.plist;
				INSTALL_PATH = "$(LOCAL_LIBRARY_DIR)/Frameworks";
				LD_RUNPATH_SEARCH_PATHS = "$(inherited) @executable_path/Frameworks @loader_path/Frameworks";
				PRODUCT_BUNDLE_IDENTIFIER = com.zrh.RHURLProtocol;
				PRODUCT_NAME = "$(TARGET_NAME)";
				SKIP_INSTALL = YES;
				VERSIONING_SYSTEM = "apple-generic";
				VERSION_INFO_PREFIX = "";
			};
			name = Release;
		};
/* End XCBuildConfiguration section */

/* Begin XCConfigurationList section */
		833408FD1E191CB0008C2E1A /* Build configuration list for PBXProject "Example" */ = {
			isa = XCConfigurationList;
			buildConfigurations = (
				833409171E191CB0008C2E1A /* Debug */,
				833409181E191CB0008C2E1A /* Release */,
			);
			defaultConfigurationIsVisible = 0;
			defaultConfigurationName = Release;
		};
		833409191E191CB0008C2E1A /* Build configuration list for PBXNativeTarget "Example" */ = {
			isa = XCConfigurationList;
			buildConfigurations = (
				8334091A1E191CB0008C2E1A /* Debug */,
				8334091B1E191CB0008C2E1A /* Release */,
			);
			defaultConfigurationIsVisible = 0;
		};
		8334092A1E191CF2008C2E1A /* Build configuration list for PBXNativeTarget "CurlNetwork" */ = {
			isa = XCConfigurationList;
			buildConfigurations = (
				8334092B1E191CF2008C2E1A /* Debug */,
				8334092C1E191CF2008C2E1A /* Release */,
			);
			defaultConfigurationIsVisible = 0;
		};
		833409671E193B23008C2E1A /* Build configuration list for PBXNativeTarget "RHURLProtocol" */ = {
			isa = XCConfigurationList;
			buildConfigurations = (
				833409681E193B23008C2E1A /* Debug */,
				833409691E193B23008C2E1A /* Release */,
			);
			defaultConfigurationIsVisible = 0;
		};
/* End XCConfigurationList section */
	};
	rootObject = 833408FA1E191CB0008C2E1A /* Project object */;
}
